
Microsoft Visual Studio Solution File, Format Version 12.00
# Visual Studio Version 17
VisualStudioVersion = 17.0.31903.59
MinimumVisualStudioVersion = 10.0.40219.1
Project("{2150E333-8FDC-42A3-9474-1A3956D46DE8}") = "Sln.Shared", "Sln.Shared", "{73D66CAC-F373-4B9C-95B1-40A874CFF9E4}"
EndProject
Project("{FAE04EC0-301F-11D3-BF4B-00C04F79EFBC}") = "Sln.Shared.Data", "Sln.Shared\Sln.Shared.Data\Sln.Shared.Data.csproj", "{74F303B9-C297-46B2-BC42-41AAA8BE61ED}"
EndProject
Project("{FAE04EC0-301F-11D3-BF4B-00C04F79EFBC}") = "Sln.Shared.Business", "Sln.Shared\Sln.Shared.Business\Sln.Shared.Business.csproj", "{1F1CAE9B-BCA8-46E4-99FF-B39168246105}"
EndProject
Project("{FAE04EC0-301F-11D3-BF4B-00C04F79EFBC}") = "Sln.Shared.Host", "Sln.Shared\Sln.Shared.Host\Sln.Shared.Host.csproj", "{BC77F74D-2438-492F-BB83-C0E549E1B44B}"
EndProject
Project("{FAE04EC0-301F-11D3-BF4B-00C04F79EFBC}") = "Sln.Shared.Common", "Sln.Shared\Sln.Shared.Common\Sln.Shared.Common.csproj", "{45150E34-53EA-4F86-A920-FC156D0E3714}"
EndProject
Project("{FAE04EC0-301F-11D3-BF4B-00C04F79EFBC}") = "Sln.Shared.Contract", "Sln.Shared\Sln.Shared.Contract\Sln.Shared.Contract.csproj", "{913E8AFB-AD6C-4B50-BE83-3669CC93EC6B}"
EndProject
Project("{FAE04EC0-301F-11D3-BF4B-00C04F79EFBC}") = "Sln.Shared.Migrator", "Sln.Shared\Sln.Shared.Migrator\Sln.Shared.Migrator.csproj", "{188DC73A-BE58-4A34-9FEE-20D365DB0436}"
EndProject
Project("{2150E333-8FDC-42A3-9474-1A3956D46DE8}") = "Sln.Management", "Sln.Management", "{33D9663B-8032-4052-BEB2-CBEC43648AF9}"
EndProject
Project("{FAE04EC0-301F-11D3-BF4B-00C04F79EFBC}") = "Sln.Management.Data", "Sln.Management\Sln.Management.Data\Sln.Management.Data.csproj", "{3D1CDAE9-D1B8-4ED3-8CBE-7EE4BA9026E6}"
EndProject
Project("{FAE04EC0-301F-11D3-BF4B-00C04F79EFBC}") = "Sln.Management.Business", "Sln.Management\Sln.Management.Business\Sln.Management.Business.csproj", "{51B3F9EC-3E2D-4ED2-BFD9-B3FEBEAAFCE0}"
EndProject
Project("{FAE04EC0-301F-11D3-BF4B-00C04F79EFBC}") = "Sln.Management.Host", "Sln.Management\Sln.Management.Host\Sln.Management.Host.csproj", "{D2B420D0-E370-4C70-8E20-314CF4C8388B}"
EndProject
Project("{FAE04EC0-301F-11D3-BF4B-00C04F79EFBC}") = "Sln.Management.Common", "Sln.Management\Sln.Management.Common\Sln.Management.Common.csproj", "{E3D12A51-F030-41B1-9AEE-0507831E337E}"
EndProject
Project("{FAE04EC0-301F-11D3-BF4B-00C04F79EFBC}") = "Sln.Management.Contract", "Sln.Management\Sln.Management.Contract\Sln.Management.Contract.csproj", "{D68D6F2C-38C0-4AFF-A77E-037702BE4D56}"
EndProject
Project("{FAE04EC0-301F-11D3-BF4B-00C04F79EFBC}") = "Sln.Management.Migrator", "Sln.Management\Sln.Management.Migrator\Sln.Management.Migrator.csproj", "{05B553A8-CF8F-4832-A55F-FB495068C6C8}"
EndProject
Project("{2150E333-8FDC-42A3-9474-1A3956D46DE8}") = "Sln.Payment", "Sln.Payment", "{5ACC8508-71A6-4F19-841D-7E9FB63A5AFD}"
EndProject
Project("{FAE04EC0-301F-11D3-BF4B-00C04F79EFBC}") = "Sln.Payment.Data", "Sln.Payment\Sln.Payment.Data\Sln.Payment.Data.csproj", "{3DAFBA6C-D04C-4F05-B2B6-CC7CAB911181}"
EndProject
Project("{FAE04EC0-301F-11D3-BF4B-00C04F79EFBC}") = "Sln.Payment.Business", "Sln.Payment\Sln.Payment.Business\Sln.Payment.Business.csproj", "{0FA4BAB0-0EC6-4F20-A348-B7CA41C5ECDB}"
EndProject
Project("{FAE04EC0-301F-11D3-BF4B-00C04F79EFBC}") = "Sln.Payment.Host", "Sln.Payment\Sln.Payment.Host\Sln.Payment.Host.csproj", "{988F138D-2724-4542-8EE6-326CA5D089B0}"
EndProject
Project("{FAE04EC0-301F-11D3-BF4B-00C04F79EFBC}") = "Sln.Payment.Common", "Sln.Payment\Sln.Payment.Common\Sln.Payment.Common.csproj", "{6C673417-5405-4401-8CDD-639AB62CF399}"
EndProject
Project("{FAE04EC0-301F-11D3-BF4B-00C04F79EFBC}") = "Sln.Payment.Contract", "Sln.Payment\Sln.Payment.Contract\Sln.Payment.Contract.csproj", "{4B86085D-FA06-41E2-B2B4-AB6956C3B57B}"
EndProject
Project("{FAE04EC0-301F-11D3-BF4B-00C04F79EFBC}") = "Sln.Payment.Migrator", "Sln.Payment\Sln.Payment.Migrator\Sln.Payment.Migrator.csproj", "{DE705644-CF27-4FAB-8879-9504C6EA7EF7}"
EndProject
Project("{2150E333-8FDC-42A3-9474-1A3956D46DE8}") = "Sln.Publisher", "Sln.Publisher", "{1A6C59C1-E507-3208-2B9E-E797C458FD07}"
EndProject
Project("{FAE04EC0-301F-11D3-BF4B-00C04F79EFBC}") = "Sln.Publisher.Data", "Sln.Publisher\Sln.Publisher.Data\Sln.Publisher.Data.csproj", "{6C3BA420-E269-463A-BD8F-0ADB09A8C4FD}"
EndProject
Project("{FAE04EC0-301F-11D3-BF4B-00C04F79EFBC}") = "Sln.Publisher.Business", "Sln.Publisher\Sln.Publisher.Business\Sln.Publisher.Business.csproj", "{42D41221-ACA7-4B60-86C8-539D6420B1D3}"
EndProject
Project("{FAE04EC0-301F-11D3-BF4B-00C04F79EFBC}") = "Sln.Publisher.Host", "Sln.Publisher\Sln.Publisher.Host\Sln.Publisher.Host.csproj", "{A23B94DF-D380-466E-B31F-748FA9C59A62}"
EndProject
Project("{FAE04EC0-301F-11D3-BF4B-00C04F79EFBC}") = "Sln.Publisher.Common", "Sln.Publisher\Sln.Publisher.Common\Sln.Publisher.Common.csproj", "{54D52DA8-0024-4EA1-8497-C9ED2E205692}"
EndProject
Project("{FAE04EC0-301F-11D3-BF4B-00C04F79EFBC}") = "Sln.Publisher.Contract", "Sln.Publisher\Sln.Publisher.Contract\Sln.Publisher.Contract.csproj", "{80B69337-69E4-41BD-9EBB-B69CA0B5F87A}"
EndProject
Project("{FAE04EC0-301F-11D3-BF4B-00C04F79EFBC}") = "Sln.Publisher.Migrator", "Sln.Publisher\Sln.Publisher.Migrator\Sln.Publisher.Migrator.csproj", "{B0978259-1F3E-4E8D-81DF-2FCC54468BA8}"
EndProject
Project("{FAE04EC0-301F-11D3-BF4B-00C04F79EFBC}") = "Sln.Management.KafkaConsumer", "Sln.Management\Sln.Management.KafkaConsumer\Sln.Management.KafkaConsumer.csproj", "{150BBD93-9389-40C9-AE73-BB35B74E2C7F}"
EndProject
Project("{FAE04EC0-301F-11D3-BF4B-00C04F79EFBC}") = "Sln.Management.Job", "Sln.Management\Sln.Management.Job\Sln.Management.Job.csproj", "{BAD65C9A-3A73-4522-A3EA-EAD5939A1726}"
EndProject
Global
	GlobalSection(SolutionConfigurationPlatforms) = preSolution
		Debug|Any CPU = Debug|Any CPU
		Debug|x64 = Debug|x64
		Debug|x86 = Debug|x86
		Release|Any CPU = Release|Any CPU
		Release|x64 = Release|x64
		Release|x86 = Release|x86
	EndGlobalSection
	GlobalSection(ProjectConfigurationPlatforms) = postSolution
		{74F303B9-C297-46B2-BC42-41AAA8BE61ED}.Debug|Any CPU.ActiveCfg = Debug|Any CPU
		{74F303B9-C297-46B2-BC42-41AAA8BE61ED}.Debug|Any CPU.Build.0 = Debug|Any CPU
		{74F303B9-C297-46B2-BC42-41AAA8BE61ED}.Debug|x64.ActiveCfg = Debug|Any CPU
		{74F303B9-C297-46B2-BC42-41AAA8BE61ED}.Debug|x64.Build.0 = Debug|Any CPU
		{74F303B9-C297-46B2-BC42-41AAA8BE61ED}.Debug|x86.ActiveCfg = Debug|Any CPU
		{74F303B9-C297-46B2-BC42-41AAA8BE61ED}.Debug|x86.Build.0 = Debug|Any CPU
		{74F303B9-C297-46B2-BC42-41AAA8BE61ED}.Release|Any CPU.ActiveCfg = Release|Any CPU
		{74F303B9-C297-46B2-BC42-41AAA8BE61ED}.Release|Any CPU.Build.0 = Release|Any CPU
		{74F303B9-C297-46B2-BC42-41AAA8BE61ED}.Release|x64.ActiveCfg = Release|Any CPU
		{74F303B9-C297-46B2-BC42-41AAA8BE61ED}.Release|x64.Build.0 = Release|Any CPU
		{74F303B9-C297-46B2-BC42-41AAA8BE61ED}.Release|x86.ActiveCfg = Release|Any CPU
		{74F303B9-C297-46B2-BC42-41AAA8BE61ED}.Release|x86.Build.0 = Release|Any CPU
		{1F1CAE9B-BCA8-46E4-99FF-B39168246105}.Debug|Any CPU.ActiveCfg = Debug|Any CPU
		{1F1CAE9B-BCA8-46E4-99FF-B39168246105}.Debug|Any CPU.Build.0 = Debug|Any CPU
		{1F1CAE9B-BCA8-46E4-99FF-B39168246105}.Debug|x64.ActiveCfg = Debug|Any CPU
		{1F1CAE9B-BCA8-46E4-99FF-B39168246105}.Debug|x64.Build.0 = Debug|Any CPU
		{1F1CAE9B-BCA8-46E4-99FF-B39168246105}.Debug|x86.ActiveCfg = Debug|Any CPU
		{1F1CAE9B-BCA8-46E4-99FF-B39168246105}.Debug|x86.Build.0 = Debug|Any CPU
		{1F1CAE9B-BCA8-46E4-99FF-B39168246105}.Release|Any CPU.ActiveCfg = Release|Any CPU
		{1F1CAE9B-BCA8-46E4-99FF-B39168246105}.Release|Any CPU.Build.0 = Release|Any CPU
		{1F1CAE9B-BCA8-46E4-99FF-B39168246105}.Release|x64.ActiveCfg = Release|Any CPU
		{1F1CAE9B-BCA8-46E4-99FF-B39168246105}.Release|x64.Build.0 = Release|Any CPU
		{1F1CAE9B-BCA8-46E4-99FF-B39168246105}.Release|x86.ActiveCfg = Release|Any CPU
		{1F1CAE9B-BCA8-46E4-99FF-B39168246105}.Release|x86.Build.0 = Release|Any CPU
		{BC77F74D-2438-492F-BB83-C0E549E1B44B}.Debug|Any CPU.ActiveCfg = Debug|Any CPU
		{BC77F74D-2438-492F-BB83-C0E549E1B44B}.Debug|Any CPU.Build.0 = Debug|Any CPU
		{BC77F74D-2438-492F-BB83-C0E549E1B44B}.Debug|x64.ActiveCfg = Debug|Any CPU
		{BC77F74D-2438-492F-BB83-C0E549E1B44B}.Debug|x64.Build.0 = Debug|Any CPU
		{BC77F74D-2438-492F-BB83-C0E549E1B44B}.Debug|x86.ActiveCfg = Debug|Any CPU
		{BC77F74D-2438-492F-BB83-C0E549E1B44B}.Debug|x86.Build.0 = Debug|Any CPU
		{BC77F74D-2438-492F-BB83-C0E549E1B44B}.Release|Any CPU.ActiveCfg = Release|Any CPU
		{BC77F74D-2438-492F-BB83-C0E549E1B44B}.Release|Any CPU.Build.0 = Release|Any CPU
		{BC77F74D-2438-492F-BB83-C0E549E1B44B}.Release|x64.ActiveCfg = Release|Any CPU
		{BC77F74D-2438-492F-BB83-C0E549E1B44B}.Release|x64.Build.0 = Release|Any CPU
		{BC77F74D-2438-492F-BB83-C0E549E1B44B}.Release|x86.ActiveCfg = Release|Any CPU
		{BC77F74D-2438-492F-BB83-C0E549E1B44B}.Release|x86.Build.0 = Release|Any CPU
		{45150E34-53EA-4F86-A920-FC156D0E3714}.Debug|Any CPU.ActiveCfg = Debug|Any CPU
		{45150E34-53EA-4F86-A920-FC156D0E3714}.Debug|Any CPU.Build.0 = Debug|Any CPU
		{45150E34-53EA-4F86-A920-FC156D0E3714}.Debug|x64.ActiveCfg = Debug|Any CPU
		{45150E34-53EA-4F86-A920-FC156D0E3714}.Debug|x64.Build.0 = Debug|Any CPU
		{45150E34-53EA-4F86-A920-FC156D0E3714}.Debug|x86.ActiveCfg = Debug|Any CPU
		{45150E34-53EA-4F86-A920-FC156D0E3714}.Debug|x86.Build.0 = Debug|Any CPU
		{45150E34-53EA-4F86-A920-FC156D0E3714}.Release|Any CPU.ActiveCfg = Release|Any CPU
		{45150E34-53EA-4F86-A920-FC156D0E3714}.Release|Any CPU.Build.0 = Release|Any CPU
		{45150E34-53EA-4F86-A920-FC156D0E3714}.Release|x64.ActiveCfg = Release|Any CPU
		{45150E34-53EA-4F86-A920-FC156D0E3714}.Release|x64.Build.0 = Release|Any CPU
		{45150E34-53EA-4F86-A920-FC156D0E3714}.Release|x86.ActiveCfg = Release|Any CPU
		{45150E34-53EA-4F86-A920-FC156D0E3714}.Release|x86.Build.0 = Release|Any CPU
		{913E8AFB-AD6C-4B50-BE83-3669CC93EC6B}.Debug|Any CPU.ActiveCfg = Debug|Any CPU
		{913E8AFB-AD6C-4B50-BE83-3669CC93EC6B}.Debug|Any CPU.Build.0 = Debug|Any CPU
		{913E8AFB-AD6C-4B50-BE83-3669CC93EC6B}.Debug|x64.ActiveCfg = Debug|Any CPU
		{913E8AFB-AD6C-4B50-BE83-3669CC93EC6B}.Debug|x64.Build.0 = Debug|Any CPU
		{913E8AFB-AD6C-4B50-BE83-3669CC93EC6B}.Debug|x86.ActiveCfg = Debug|Any CPU
		{913E8AFB-AD6C-4B50-BE83-3669CC93EC6B}.Debug|x86.Build.0 = Debug|Any CPU
		{913E8AFB-AD6C-4B50-BE83-3669CC93EC6B}.Release|Any CPU.ActiveCfg = Release|Any CPU
		{913E8AFB-AD6C-4B50-BE83-3669CC93EC6B}.Release|Any CPU.Build.0 = Release|Any CPU
		{913E8AFB-AD6C-4B50-BE83-3669CC93EC6B}.Release|x64.ActiveCfg = Release|Any CPU
		{913E8AFB-AD6C-4B50-BE83-3669CC93EC6B}.Release|x64.Build.0 = Release|Any CPU
		{913E8AFB-AD6C-4B50-BE83-3669CC93EC6B}.Release|x86.ActiveCfg = Release|Any CPU
		{913E8AFB-AD6C-4B50-BE83-3669CC93EC6B}.Release|x86.Build.0 = Release|Any CPU
		{188DC73A-BE58-4A34-9FEE-20D365DB0436}.Debug|Any CPU.ActiveCfg = Debug|Any CPU
		{188DC73A-BE58-4A34-9FEE-20D365DB0436}.Debug|Any CPU.Build.0 = Debug|Any CPU
		{188DC73A-BE58-4A34-9FEE-20D365DB0436}.Debug|x64.ActiveCfg = Debug|Any CPU
		{188DC73A-BE58-4A34-9FEE-20D365DB0436}.Debug|x64.Build.0 = Debug|Any CPU
		{188DC73A-BE58-4A34-9FEE-20D365DB0436}.Debug|x86.ActiveCfg = Debug|Any CPU
		{188DC73A-BE58-4A34-9FEE-20D365DB0436}.Debug|x86.Build.0 = Debug|Any CPU
		{188DC73A-BE58-4A34-9FEE-20D365DB0436}.Release|Any CPU.ActiveCfg = Release|Any CPU
		{188DC73A-BE58-4A34-9FEE-20D365DB0436}.Release|Any CPU.Build.0 = Release|Any CPU
		{188DC73A-BE58-4A34-9FEE-20D365DB0436}.Release|x64.ActiveCfg = Release|Any CPU
		{188DC73A-BE58-4A34-9FEE-20D365DB0436}.Release|x64.Build.0 = Release|Any CPU
		{188DC73A-BE58-4A34-9FEE-20D365DB0436}.Release|x86.ActiveCfg = Release|Any CPU
		{188DC73A-BE58-4A34-9FEE-20D365DB0436}.Release|x86.Build.0 = Release|Any CPU
		{3D1CDAE9-D1B8-4ED3-8CBE-7EE4BA9026E6}.Debug|Any CPU.ActiveCfg = Debug|Any CPU
		{3D1CDAE9-D1B8-4ED3-8CBE-7EE4BA9026E6}.Debug|Any CPU.Build.0 = Debug|Any CPU
		{3D1CDAE9-D1B8-4ED3-8CBE-7EE4BA9026E6}.Debug|x64.ActiveCfg = Debug|Any CPU
		{3D1CDAE9-D1B8-4ED3-8CBE-7EE4BA9026E6}.Debug|x64.Build.0 = Debug|Any CPU
		{3D1CDAE9-D1B8-4ED3-8CBE-7EE4BA9026E6}.Debug|x86.ActiveCfg = Debug|Any CPU
		{3D1CDAE9-D1B8-4ED3-8CBE-7EE4BA9026E6}.Debug|x86.Build.0 = Debug|Any CPU
		{3D1CDAE9-D1B8-4ED3-8CBE-7EE4BA9026E6}.Release|Any CPU.ActiveCfg = Release|Any CPU
		{3D1CDAE9-D1B8-4ED3-8CBE-7EE4BA9026E6}.Release|Any CPU.Build.0 = Release|Any CPU
		{3D1CDAE9-D1B8-4ED3-8CBE-7EE4BA9026E6}.Release|x64.ActiveCfg = Release|Any CPU
		{3D1CDAE9-D1B8-4ED3-8CBE-7EE4BA9026E6}.Release|x64.Build.0 = Release|Any CPU
		{3D1CDAE9-D1B8-4ED3-8CBE-7EE4BA9026E6}.Release|x86.ActiveCfg = Release|Any CPU
		{3D1CDAE9-D1B8-4ED3-8CBE-7EE4BA9026E6}.Release|x86.Build.0 = Release|Any CPU
		{51B3F9EC-3E2D-4ED2-BFD9-B3FEBEAAFCE0}.Debug|Any CPU.ActiveCfg = Debug|Any CPU
		{51B3F9EC-3E2D-4ED2-BFD9-B3FEBEAAFCE0}.Debug|Any CPU.Build.0 = Debug|Any CPU
		{51B3F9EC-3E2D-4ED2-BFD9-B3FEBEAAFCE0}.Debug|x64.ActiveCfg = Debug|Any CPU
		{51B3F9EC-3E2D-4ED2-BFD9-B3FEBEAAFCE0}.Debug|x64.Build.0 = Debug|Any CPU
		{51B3F9EC-3E2D-4ED2-BFD9-B3FEBEAAFCE0}.Debug|x86.ActiveCfg = Debug|Any CPU
		{51B3F9EC-3E2D-4ED2-BFD9-B3FEBEAAFCE0}.Debug|x86.Build.0 = Debug|Any CPU
		{51B3F9EC-3E2D-4ED2-BFD9-B3FEBEAAFCE0}.Release|Any CPU.ActiveCfg = Release|Any CPU
		{51B3F9EC-3E2D-4ED2-BFD9-B3FEBEAAFCE0}.Release|Any CPU.Build.0 = Release|Any CPU
		{51B3F9EC-3E2D-4ED2-BFD9-B3FEBEAAFCE0}.Release|x64.ActiveCfg = Release|Any CPU
		{51B3F9EC-3E2D-4ED2-BFD9-B3FEBEAAFCE0}.Release|x64.Build.0 = Release|Any CPU
		{51B3F9EC-3E2D-4ED2-BFD9-B3FEBEAAFCE0}.Release|x86.ActiveCfg = Release|Any CPU
		{51B3F9EC-3E2D-4ED2-BFD9-B3FEBEAAFCE0}.Release|x86.Build.0 = Release|Any CPU
		{D2B420D0-E370-4C70-8E20-314CF4C8388B}.Debug|Any CPU.ActiveCfg = Debug|Any CPU
		{D2B420D0-E370-4C70-8E20-314CF4C8388B}.Debug|Any CPU.Build.0 = Debug|Any CPU
		{D2B420D0-E370-4C70-8E20-314CF4C8388B}.Debug|x64.ActiveCfg = Debug|Any CPU
		{D2B420D0-E370-4C70-8E20-314CF4C8388B}.Debug|x64.Build.0 = Debug|Any CPU
		{D2B420D0-E370-4C70-8E20-314CF4C8388B}.Debug|x86.ActiveCfg = Debug|Any CPU
		{D2B420D0-E370-4C70-8E20-314CF4C8388B}.Debug|x86.Build.0 = Debug|Any CPU
		{D2B420D0-E370-4C70-8E20-314CF4C8388B}.Release|Any CPU.ActiveCfg = Release|Any CPU
		{D2B420D0-E370-4C70-8E20-314CF4C8388B}.Release|Any CPU.Build.0 = Release|Any CPU
		{D2B420D0-E370-4C70-8E20-314CF4C8388B}.Release|x64.ActiveCfg = Release|Any CPU
		{D2B420D0-E370-4C70-8E20-314CF4C8388B}.Release|x64.Build.0 = Release|Any CPU
		{D2B420D0-E370-4C70-8E20-314CF4C8388B}.Release|x86.ActiveCfg = Release|Any CPU
		{D2B420D0-E370-4C70-8E20-314CF4C8388B}.Release|x86.Build.0 = Release|Any CPU
		{E3D12A51-F030-41B1-9AEE-0507831E337E}.Debug|Any CPU.ActiveCfg = Debug|Any CPU
		{E3D12A51-F030-41B1-9AEE-0507831E337E}.Debug|Any CPU.Build.0 = Debug|Any CPU
		{E3D12A51-F030-41B1-9AEE-0507831E337E}.Debug|x64.ActiveCfg = Debug|Any CPU
		{E3D12A51-F030-41B1-9AEE-0507831E337E}.Debug|x64.Build.0 = Debug|Any CPU
		{E3D12A51-F030-41B1-9AEE-0507831E337E}.Debug|x86.ActiveCfg = Debug|Any CPU
		{E3D12A51-F030-41B1-9AEE-0507831E337E}.Debug|x86.Build.0 = Debug|Any CPU
		{E3D12A51-F030-41B1-9AEE-0507831E337E}.Release|Any CPU.ActiveCfg = Release|Any CPU
		{E3D12A51-F030-41B1-9AEE-0507831E337E}.Release|Any CPU.Build.0 = Release|Any CPU
		{E3D12A51-F030-41B1-9AEE-0507831E337E}.Release|x64.ActiveCfg = Release|Any CPU
		{E3D12A51-F030-41B1-9AEE-0507831E337E}.Release|x64.Build.0 = Release|Any CPU
		{E3D12A51-F030-41B1-9AEE-0507831E337E}.Release|x86.ActiveCfg = Release|Any CPU
		{E3D12A51-F030-41B1-9AEE-0507831E337E}.Release|x86.Build.0 = Release|Any CPU
		{D68D6F2C-38C0-4AFF-A77E-037702BE4D56}.Debug|Any CPU.ActiveCfg = Debug|Any CPU
		{D68D6F2C-38C0-4AFF-A77E-037702BE4D56}.Debug|Any CPU.Build.0 = Debug|Any CPU
		{D68D6F2C-38C0-4AFF-A77E-037702BE4D56}.Debug|x64.ActiveCfg = Debug|Any CPU
		{D68D6F2C-38C0-4AFF-A77E-037702BE4D56}.Debug|x64.Build.0 = Debug|Any CPU
		{D68D6F2C-38C0-4AFF-A77E-037702BE4D56}.Debug|x86.ActiveCfg = Debug|Any CPU
		{D68D6F2C-38C0-4AFF-A77E-037702BE4D56}.Debug|x86.Build.0 = Debug|Any CPU
		{D68D6F2C-38C0-4AFF-A77E-037702BE4D56}.Release|Any CPU.ActiveCfg = Release|Any CPU
		{D68D6F2C-38C0-4AFF-A77E-037702BE4D56}.Release|Any CPU.Build.0 = Release|Any CPU
		{D68D6F2C-38C0-4AFF-A77E-037702BE4D56}.Release|x64.ActiveCfg = Release|Any CPU
		{D68D6F2C-38C0-4AFF-A77E-037702BE4D56}.Release|x64.Build.0 = Release|Any CPU
		{D68D6F2C-38C0-4AFF-A77E-037702BE4D56}.Release|x86.ActiveCfg = Release|Any CPU
		{D68D6F2C-38C0-4AFF-A77E-037702BE4D56}.Release|x86.Build.0 = Release|Any CPU
		{05B553A8-CF8F-4832-A55F-FB495068C6C8}.Debug|Any CPU.ActiveCfg = Debug|Any CPU
		{05B553A8-CF8F-4832-A55F-FB495068C6C8}.Debug|Any CPU.Build.0 = Debug|Any CPU
		{05B553A8-CF8F-4832-A55F-FB495068C6C8}.Debug|x64.ActiveCfg = Debug|Any CPU
		{05B553A8-CF8F-4832-A55F-FB495068C6C8}.Debug|x64.Build.0 = Debug|Any CPU
		{05B553A8-CF8F-4832-A55F-FB495068C6C8}.Debug|x86.ActiveCfg = Debug|Any CPU
		{05B553A8-CF8F-4832-A55F-FB495068C6C8}.Debug|x86.Build.0 = Debug|Any CPU
		{05B553A8-CF8F-4832-A55F-FB495068C6C8}.Release|Any CPU.ActiveCfg = Release|Any CPU
		{05B553A8-CF8F-4832-A55F-FB495068C6C8}.Release|Any CPU.Build.0 = Release|Any CPU
		{05B553A8-CF8F-4832-A55F-FB495068C6C8}.Release|x64.ActiveCfg = Release|Any CPU
		{05B553A8-CF8F-4832-A55F-FB495068C6C8}.Release|x64.Build.0 = Release|Any CPU
		{05B553A8-CF8F-4832-A55F-FB495068C6C8}.Release|x86.ActiveCfg = Release|Any CPU
		{05B553A8-CF8F-4832-A55F-FB495068C6C8}.Release|x86.Build.0 = Release|Any CPU
		{3DAFBA6C-D04C-4F05-B2B6-CC7CAB911181}.Debug|Any CPU.ActiveCfg = Debug|Any CPU
		{3DAFBA6C-D04C-4F05-B2B6-CC7CAB911181}.Debug|Any CPU.Build.0 = Debug|Any CPU
		{3DAFBA6C-D04C-4F05-B2B6-CC7CAB911181}.Debug|x64.ActiveCfg = Debug|Any CPU
		{3DAFBA6C-D04C-4F05-B2B6-CC7CAB911181}.Debug|x64.Build.0 = Debug|Any CPU
		{3DAFBA6C-D04C-4F05-B2B6-CC7CAB911181}.Debug|x86.ActiveCfg = Debug|Any CPU
		{3DAFBA6C-D04C-4F05-B2B6-CC7CAB911181}.Debug|x86.Build.0 = Debug|Any CPU
		{3DAFBA6C-D04C-4F05-B2B6-CC7CAB911181}.Release|Any CPU.ActiveCfg = Release|Any CPU
		{3DAFBA6C-D04C-4F05-B2B6-CC7CAB911181}.Release|Any CPU.Build.0 = Release|Any CPU
		{3DAFBA6C-D04C-4F05-B2B6-CC7CAB911181}.Release|x64.ActiveCfg = Release|Any CPU
		{3DAFBA6C-D04C-4F05-B2B6-CC7CAB911181}.Release|x64.Build.0 = Release|Any CPU
		{3DAFBA6C-D04C-4F05-B2B6-CC7CAB911181}.Release|x86.ActiveCfg = Release|Any CPU
		{3DAFBA6C-D04C-4F05-B2B6-CC7CAB911181}.Release|x86.Build.0 = Release|Any CPU
		{0FA4BAB0-0EC6-4F20-A348-B7CA41C5ECDB}.Debug|Any CPU.ActiveCfg = Debug|Any CPU
		{0FA4BAB0-0EC6-4F20-A348-B7CA41C5ECDB}.Debug|Any CPU.Build.0 = Debug|Any CPU
		{0FA4BAB0-0EC6-4F20-A348-B7CA41C5ECDB}.Debug|x64.ActiveCfg = Debug|Any CPU
		{0FA4BAB0-0EC6-4F20-A348-B7CA41C5ECDB}.Debug|x64.Build.0 = Debug|Any CPU
		{0FA4BAB0-0EC6-4F20-A348-B7CA41C5ECDB}.Debug|x86.ActiveCfg = Debug|Any CPU
		{0FA4BAB0-0EC6-4F20-A348-B7CA41C5ECDB}.Debug|x86.Build.0 = Debug|Any CPU
		{0FA4BAB0-0EC6-4F20-A348-B7CA41C5ECDB}.Release|Any CPU.ActiveCfg = Release|Any CPU
		{0FA4BAB0-0EC6-4F20-A348-B7CA41C5ECDB}.Release|Any CPU.Build.0 = Release|Any CPU
		{0FA4BAB0-0EC6-4F20-A348-B7CA41C5ECDB}.Release|x64.ActiveCfg = Release|Any CPU
		{0FA4BAB0-0EC6-4F20-A348-B7CA41C5ECDB}.Release|x64.Build.0 = Release|Any CPU
		{0FA4BAB0-0EC6-4F20-A348-B7CA41C5ECDB}.Release|x86.ActiveCfg = Release|Any CPU
		{0FA4BAB0-0EC6-4F20-A348-B7CA41C5ECDB}.Release|x86.Build.0 = Release|Any CPU
		{988F138D-2724-4542-8EE6-326CA5D089B0}.Debug|Any CPU.ActiveCfg = Debug|Any CPU
		{988F138D-2724-4542-8EE6-326CA5D089B0}.Debug|Any CPU.Build.0 = Debug|Any CPU
		{988F138D-2724-4542-8EE6-326CA5D089B0}.Debug|x64.ActiveCfg = Debug|Any CPU
		{988F138D-2724-4542-8EE6-326CA5D089B0}.Debug|x64.Build.0 = Debug|Any CPU
		{988F138D-2724-4542-8EE6-326CA5D089B0}.Debug|x86.ActiveCfg = Debug|Any CPU
		{988F138D-2724-4542-8EE6-326CA5D089B0}.Debug|x86.Build.0 = Debug|Any CPU
		{988F138D-2724-4542-8EE6-326CA5D089B0}.Release|Any CPU.ActiveCfg = Release|Any CPU
		{988F138D-2724-4542-8EE6-326CA5D089B0}.Release|Any CPU.Build.0 = Release|Any CPU
		{988F138D-2724-4542-8EE6-326CA5D089B0}.Release|x64.ActiveCfg = Release|Any CPU
		{988F138D-2724-4542-8EE6-326CA5D089B0}.Release|x64.Build.0 = Release|Any CPU
		{988F138D-2724-4542-8EE6-326CA5D089B0}.Release|x86.ActiveCfg = Release|Any CPU
		{988F138D-2724-4542-8EE6-326CA5D089B0}.Release|x86.Build.0 = Release|Any CPU
		{6C673417-5405-4401-8CDD-639AB62CF399}.Debug|Any CPU.ActiveCfg = Debug|Any CPU
		{6C673417-5405-4401-8CDD-639AB62CF399}.Debug|Any CPU.Build.0 = Debug|Any CPU
		{6C673417-5405-4401-8CDD-639AB62CF399}.Debug|x64.ActiveCfg = Debug|Any CPU
		{6C673417-5405-4401-8CDD-639AB62CF399}.Debug|x64.Build.0 = Debug|Any CPU
		{6C673417-5405-4401-8CDD-639AB62CF399}.Debug|x86.ActiveCfg = Debug|Any CPU
		{6C673417-5405-4401-8CDD-639AB62CF399}.Debug|x86.Build.0 = Debug|Any CPU
		{6C673417-5405-4401-8CDD-639AB62CF399}.Release|Any CPU.ActiveCfg = Release|Any CPU
		{6C673417-5405-4401-8CDD-639AB62CF399}.Release|Any CPU.Build.0 = Release|Any CPU
		{6C673417-5405-4401-8CDD-639AB62CF399}.Release|x64.ActiveCfg = Release|Any CPU
		{6C673417-5405-4401-8CDD-639AB62CF399}.Release|x64.Build.0 = Release|Any CPU
		{6C673417-5405-4401-8CDD-639AB62CF399}.Release|x86.ActiveCfg = Release|Any CPU
		{6C673417-5405-4401-8CDD-639AB62CF399}.Release|x86.Build.0 = Release|Any CPU
		{4B86085D-FA06-41E2-B2B4-AB6956C3B57B}.Debug|Any CPU.ActiveCfg = Debug|Any CPU
		{4B86085D-FA06-41E2-B2B4-AB6956C3B57B}.Debug|Any CPU.Build.0 = Debug|Any CPU
		{4B86085D-FA06-41E2-B2B4-AB6956C3B57B}.Debug|x64.ActiveCfg = Debug|Any CPU
		{4B86085D-FA06-41E2-B2B4-AB6956C3B57B}.Debug|x64.Build.0 = Debug|Any CPU
		{4B86085D-FA06-41E2-B2B4-AB6956C3B57B}.Debug|x86.ActiveCfg = Debug|Any CPU
		{4B86085D-FA06-41E2-B2B4-AB6956C3B57B}.Debug|x86.Build.0 = Debug|Any CPU
		{4B86085D-FA06-41E2-B2B4-AB6956C3B57B}.Release|Any CPU.ActiveCfg = Release|Any CPU
		{4B86085D-FA06-41E2-B2B4-AB6956C3B57B}.Release|Any CPU.Build.0 = Release|Any CPU
		{4B86085D-FA06-41E2-B2B4-AB6956C3B57B}.Release|x64.ActiveCfg = Release|Any CPU
		{4B86085D-FA06-41E2-B2B4-AB6956C3B57B}.Release|x64.Build.0 = Release|Any CPU
		{4B86085D-FA06-41E2-B2B4-AB6956C3B57B}.Release|x86.ActiveCfg = Release|Any CPU
		{4B86085D-FA06-41E2-B2B4-AB6956C3B57B}.Release|x86.Build.0 = Release|Any CPU
		{DE705644-CF27-4FAB-8879-9504C6EA7EF7}.Debug|Any CPU.ActiveCfg = Debug|Any CPU
		{DE705644-CF27-4FAB-8879-9504C6EA7EF7}.Debug|Any CPU.Build.0 = Debug|Any CPU
		{DE705644-CF27-4FAB-8879-9504C6EA7EF7}.Debug|x64.ActiveCfg = Debug|Any CPU
		{DE705644-CF27-4FAB-8879-9504C6EA7EF7}.Debug|x64.Build.0 = Debug|Any CPU
		{DE705644-CF27-4FAB-8879-9504C6EA7EF7}.Debug|x86.ActiveCfg = Debug|Any CPU
		{DE705644-CF27-4FAB-8879-9504C6EA7EF7}.Debug|x86.Build.0 = Debug|Any CPU
		{DE705644-CF27-4FAB-8879-9504C6EA7EF7}.Release|Any CPU.ActiveCfg = Release|Any CPU
		{DE705644-CF27-4FAB-8879-9504C6EA7EF7}.Release|Any CPU.Build.0 = Release|Any CPU
		{DE705644-CF27-4FAB-8879-9504C6EA7EF7}.Release|x64.ActiveCfg = Release|Any CPU
		{DE705644-CF27-4FAB-8879-9504C6EA7EF7}.Release|x64.Build.0 = Release|Any CPU
		{DE705644-CF27-4FAB-8879-9504C6EA7EF7}.Release|x86.ActiveCfg = Release|Any CPU
		{DE705644-CF27-4FAB-8879-9504C6EA7EF7}.Release|x86.Build.0 = Release|Any CPU
		{6C3BA420-E269-463A-BD8F-0ADB09A8C4FD}.Debug|Any CPU.ActiveCfg = Debug|Any CPU
		{6C3BA420-E269-463A-BD8F-0ADB09A8C4FD}.Debug|Any CPU.Build.0 = Debug|Any CPU
		{6C3BA420-E269-463A-BD8F-0ADB09A8C4FD}.Debug|x64.ActiveCfg = Debug|Any CPU
		{6C3BA420-E269-463A-BD8F-0ADB09A8C4FD}.Debug|x64.Build.0 = Debug|Any CPU
		{6C3BA420-E269-463A-BD8F-0ADB09A8C4FD}.Debug|x86.ActiveCfg = Debug|Any CPU
		{6C3BA420-E269-463A-BD8F-0ADB09A8C4FD}.Debug|x86.Build.0 = Debug|Any CPU
		{6C3BA420-E269-463A-BD8F-0ADB09A8C4FD}.Release|Any CPU.ActiveCfg = Release|Any CPU
		{6C3BA420-E269-463A-BD8F-0ADB09A8C4FD}.Release|Any CPU.Build.0 = Release|Any CPU
		{6C3BA420-E269-463A-BD8F-0ADB09A8C4FD}.Release|x64.ActiveCfg = Release|Any CPU
		{6C3BA420-E269-463A-BD8F-0ADB09A8C4FD}.Release|x64.Build.0 = Release|Any CPU
		{6C3BA420-E269-463A-BD8F-0ADB09A8C4FD}.Release|x86.ActiveCfg = Release|Any CPU
		{6C3BA420-E269-463A-BD8F-0ADB09A8C4FD}.Release|x86.Build.0 = Release|Any CPU
		{42D41221-ACA7-4B60-86C8-539D6420B1D3}.Debug|Any CPU.ActiveCfg = Debug|Any CPU
		{42D41221-ACA7-4B60-86C8-539D6420B1D3}.Debug|Any CPU.Build.0 = Debug|Any CPU
		{42D41221-ACA7-4B60-86C8-539D6420B1D3}.Debug|x64.ActiveCfg = Debug|Any CPU
		{42D41221-ACA7-4B60-86C8-539D6420B1D3}.Debug|x64.Build.0 = Debug|Any CPU
		{42D41221-ACA7-4B60-86C8-539D6420B1D3}.Debug|x86.ActiveCfg = Debug|Any CPU
		{42D41221-ACA7-4B60-86C8-539D6420B1D3}.Debug|x86.Build.0 = Debug|Any CPU
		{42D41221-ACA7-4B60-86C8-539D6420B1D3}.Release|Any CPU.ActiveCfg = Release|Any CPU
		{42D41221-ACA7-4B60-86C8-539D6420B1D3}.Release|Any CPU.Build.0 = Release|Any CPU
		{42D41221-ACA7-4B60-86C8-539D6420B1D3}.Release|x64.ActiveCfg = Release|Any CPU
		{42D41221-ACA7-4B60-86C8-539D6420B1D3}.Release|x64.Build.0 = Release|Any CPU
		{42D41221-ACA7-4B60-86C8-539D6420B1D3}.Release|x86.ActiveCfg = Release|Any CPU
		{42D41221-ACA7-4B60-86C8-539D6420B1D3}.Release|x86.Build.0 = Release|Any CPU
		{A23B94DF-D380-466E-B31F-748FA9C59A62}.Debug|Any CPU.ActiveCfg = Debug|Any CPU
		{A23B94DF-D380-466E-B31F-748FA9C59A62}.Debug|Any CPU.Build.0 = Debug|Any CPU
		{A23B94DF-D380-466E-B31F-748FA9C59A62}.Debug|x64.ActiveCfg = Debug|Any CPU
		{A23B94DF-D380-466E-B31F-748FA9C59A62}.Debug|x64.Build.0 = Debug|Any CPU
		{A23B94DF-D380-466E-B31F-748FA9C59A62}.Debug|x86.ActiveCfg = Debug|Any CPU
		{A23B94DF-D380-466E-B31F-748FA9C59A62}.Debug|x86.Build.0 = Debug|Any CPU
		{A23B94DF-D380-466E-B31F-748FA9C59A62}.Release|Any CPU.ActiveCfg = Release|Any CPU
		{A23B94DF-D380-466E-B31F-748FA9C59A62}.Release|Any CPU.Build.0 = Release|Any CPU
		{A23B94DF-D380-466E-B31F-748FA9C59A62}.Release|x64.ActiveCfg = Release|Any CPU
		{A23B94DF-D380-466E-B31F-748FA9C59A62}.Release|x64.Build.0 = Release|Any CPU
		{A23B94DF-D380-466E-B31F-748FA9C59A62}.Release|x86.ActiveCfg = Release|Any CPU
		{A23B94DF-D380-466E-B31F-748FA9C59A62}.Release|x86.Build.0 = Release|Any CPU
		{54D52DA8-0024-4EA1-8497-C9ED2E205692}.Debug|Any CPU.ActiveCfg = Debug|Any CPU
		{54D52DA8-0024-4EA1-8497-C9ED2E205692}.Debug|Any CPU.Build.0 = Debug|Any CPU
		{54D52DA8-0024-4EA1-8497-C9ED2E205692}.Debug|x64.ActiveCfg = Debug|Any CPU
		{54D52DA8-0024-4EA1-8497-C9ED2E205692}.Debug|x64.Build.0 = Debug|Any CPU
		{54D52DA8-0024-4EA1-8497-C9ED2E205692}.Debug|x86.ActiveCfg = Debug|Any CPU
		{54D52DA8-0024-4EA1-8497-C9ED2E205692}.Debug|x86.Build.0 = Debug|Any CPU
		{54D52DA8-0024-4EA1-8497-C9ED2E205692}.Release|Any CPU.ActiveCfg = Release|Any CPU
		{54D52DA8-0024-4EA1-8497-C9ED2E205692}.Release|Any CPU.Build.0 = Release|Any CPU
		{54D52DA8-0024-4EA1-8497-C9ED2E205692}.Release|x64.ActiveCfg = Release|Any CPU
		{54D52DA8-0024-4EA1-8497-C9ED2E205692}.Release|x64.Build.0 = Release|Any CPU
		{54D52DA8-0024-4EA1-8497-C9ED2E205692}.Release|x86.ActiveCfg = Release|Any CPU
		{54D52DA8-0024-4EA1-8497-C9ED2E205692}.Release|x86.Build.0 = Release|Any CPU
		{80B69337-69E4-41BD-9EBB-B69CA0B5F87A}.Debug|Any CPU.ActiveCfg = Debug|Any CPU
		{80B69337-69E4-41BD-9EBB-B69CA0B5F87A}.Debug|Any CPU.Build.0 = Debug|Any CPU
		{80B69337-69E4-41BD-9EBB-B69CA0B5F87A}.Debug|x64.ActiveCfg = Debug|Any CPU
		{80B69337-69E4-41BD-9EBB-B69CA0B5F87A}.Debug|x64.Build.0 = Debug|Any CPU
		{80B69337-69E4-41BD-9EBB-B69CA0B5F87A}.Debug|x86.ActiveCfg = Debug|Any CPU
		{80B69337-69E4-41BD-9EBB-B69CA0B5F87A}.Debug|x86.Build.0 = Debug|Any CPU
		{80B69337-69E4-41BD-9EBB-B69CA0B5F87A}.Release|Any CPU.ActiveCfg = Release|Any CPU
		{80B69337-69E4-41BD-9EBB-B69CA0B5F87A}.Release|Any CPU.Build.0 = Release|Any CPU
		{80B69337-69E4-41BD-9EBB-B69CA0B5F87A}.Release|x64.ActiveCfg = Release|Any CPU
		{80B69337-69E4-41BD-9EBB-B69CA0B5F87A}.Release|x64.Build.0 = Release|Any CPU
		{80B69337-69E4-41BD-9EBB-B69CA0B5F87A}.Release|x86.ActiveCfg = Release|Any CPU
		{80B69337-69E4-41BD-9EBB-B69CA0B5F87A}.Release|x86.Build.0 = Release|Any CPU
		{B0978259-1F3E-4E8D-81DF-2FCC54468BA8}.Debug|Any CPU.ActiveCfg = Debug|Any CPU
		{B0978259-1F3E-4E8D-81DF-2FCC54468BA8}.Debug|Any CPU.Build.0 = Debug|Any CPU
		{B0978259-1F3E-4E8D-81DF-2FCC54468BA8}.Debug|x64.ActiveCfg = Debug|Any CPU
		{B0978259-1F3E-4E8D-81DF-2FCC54468BA8}.Debug|x64.Build.0 = Debug|Any CPU
		{B0978259-1F3E-4E8D-81DF-2FCC54468BA8}.Debug|x86.ActiveCfg = Debug|Any CPU
		{B0978259-1F3E-4E8D-81DF-2FCC54468BA8}.Debug|x86.Build.0 = Debug|Any CPU
		{B0978259-1F3E-4E8D-81DF-2FCC54468BA8}.Release|Any CPU.ActiveCfg = Release|Any CPU
		{B0978259-1F3E-4E8D-81DF-2FCC54468BA8}.Release|Any CPU.Build.0 = Release|Any CPU
		{B0978259-1F3E-4E8D-81DF-2FCC54468BA8}.Release|x64.ActiveCfg = Release|Any CPU
		{B0978259-1F3E-4E8D-81DF-2FCC54468BA8}.Release|x64.Build.0 = Release|Any CPU
		{B0978259-1F3E-4E8D-81DF-2FCC54468BA8}.Release|x86.ActiveCfg = Release|Any CPU
		{B0978259-1F3E-4E8D-81DF-2FCC54468BA8}.Release|x86.Build.0 = Release|Any CPU
		{150BBD93-9389-40C9-AE73-BB35B74E2C7F}.Debug|Any CPU.ActiveCfg = Debug|Any CPU
		{150BBD93-9389-40C9-AE73-BB35B74E2C7F}.Debug|Any CPU.Build.0 = Debug|Any CPU
		{150BBD93-9389-40C9-AE73-BB35B74E2C7F}.Debug|x64.ActiveCfg = Debug|Any CPU
		{150BBD93-9389-40C9-AE73-BB35B74E2C7F}.Debug|x64.Build.0 = Debug|Any CPU
		{150BBD93-9389-40C9-AE73-BB35B74E2C7F}.Debug|x86.ActiveCfg = Debug|Any CPU
		{150BBD93-9389-40C9-AE73-BB35B74E2C7F}.Debug|x86.Build.0 = Debug|Any CPU
		{150BBD93-9389-40C9-AE73-BB35B74E2C7F}.Release|Any CPU.ActiveCfg = Release|Any CPU
		{150BBD93-9389-40C9-AE73-BB35B74E2C7F}.Release|Any CPU.Build.0 = Release|Any CPU
		{150BBD93-9389-40C9-AE73-BB35B74E2C7F}.Release|x64.ActiveCfg = Release|Any CPU
		{150BBD93-9389-40C9-AE73-BB35B74E2C7F}.Release|x64.Build.0 = Release|Any CPU
		{150BBD93-9389-40C9-AE73-BB35B74E2C7F}.Release|x86.ActiveCfg = Release|Any CPU
		{150BBD93-9389-40C9-AE73-BB35B74E2C7F}.Release|x86.Build.0 = Release|Any CPU
		{BAD65C9A-3A73-4522-A3EA-EAD5939A1726}.Debug|Any CPU.ActiveCfg = Debug|Any CPU
		{BAD65C9A-3A73-4522-A3EA-EAD5939A1726}.Debug|Any CPU.Build.0 = Debug|Any CPU
		{BAD65C9A-3A73-4522-A3EA-EAD5939A1726}.Debug|x64.ActiveCfg = Debug|Any CPU
		{BAD65C9A-3A73-4522-A3EA-EAD5939A1726}.Debug|x64.Build.0 = Debug|Any CPU
		{BAD65C9A-3A73-4522-A3EA-EAD5939A1726}.Debug|x86.ActiveCfg = Debug|Any CPU
		{BAD65C9A-3A73-4522-A3EA-EAD5939A1726}.Debug|x86.Build.0 = Debug|Any CPU
		{BAD65C9A-3A73-4522-A3EA-EAD5939A1726}.Release|Any CPU.ActiveCfg = Release|Any CPU
		{BAD65C9A-3A73-4522-A3EA-EAD5939A1726}.Release|Any CPU.Build.0 = Release|Any CPU
		{BAD65C9A-3A73-4522-A3EA-EAD5939A1726}.Release|x64.ActiveCfg = Release|Any CPU
		{BAD65C9A-3A73-4522-A3EA-EAD5939A1726}.Release|x64.Build.0 = Release|Any CPU
		{BAD65C9A-3A73-4522-A3EA-EAD5939A1726}.Release|x86.ActiveCfg = Release|Any CPU
		{BAD65C9A-3A73-4522-A3EA-EAD5939A1726}.Release|x86.Build.0 = Release|Any CPU
	EndGlobalSection
	GlobalSection(SolutionProperties) = preSolution
		HideSolutionNode = FALSE
	EndGlobalSection
	GlobalSection(NestedProjects) = preSolution
		{74F303B9-C297-46B2-BC42-41AAA8BE61ED} = {73D66CAC-F373-4B9C-95B1-40A874CFF9E4}
		{1F1CAE9B-BCA8-46E4-99FF-B39168246105} = {73D66CAC-F373-4B9C-95B1-40A874CFF9E4}
		{BC77F74D-2438-492F-BB83-C0E549E1B44B} = {73D66CAC-F373-4B9C-95B1-40A874CFF9E4}
		{45150E34-53EA-4F86-A920-FC156D0E3714} = {73D66CAC-F373-4B9C-95B1-40A874CFF9E4}
		{913E8AFB-AD6C-4B50-BE83-3669CC93EC6B} = {73D66CAC-F373-4B9C-95B1-40A874CFF9E4}
		{188DC73A-BE58-4A34-9FEE-20D365DB0436} = {73D66CAC-F373-4B9C-95B1-40A874CFF9E4}
		{3D1CDAE9-D1B8-4ED3-8CBE-7EE4BA9026E6} = {33D9663B-8032-4052-BEB2-CBEC43648AF9}
		{51B3F9EC-3E2D-4ED2-BFD9-B3FEBEAAFCE0} = {33D9663B-8032-4052-BEB2-CBEC43648AF9}
		{D2B420D0-E370-4C70-8E20-314CF4C8388B} = {33D9663B-8032-4052-BEB2-CBEC43648AF9}
		{E3D12A51-F030-41B1-9AEE-0507831E337E} = {33D9663B-8032-4052-BEB2-CBEC43648AF9}
		{D68D6F2C-38C0-4AFF-A77E-037702BE4D56} = {33D9663B-8032-4052-BEB2-CBEC43648AF9}
		{05B553A8-CF8F-4832-A55F-FB495068C6C8} = {33D9663B-8032-4052-BEB2-CBEC43648AF9}
		{3DAFBA6C-D04C-4F05-B2B6-CC7CAB911181} = {5ACC8508-71A6-4F19-841D-7E9FB63A5AFD}
		{0FA4BAB0-0EC6-4F20-A348-B7CA41C5ECDB} = {5ACC8508-71A6-4F19-841D-7E9FB63A5AFD}
		{988F138D-2724-4542-8EE6-326CA5D089B0} = {5ACC8508-71A6-4F19-841D-7E9FB63A5AFD}
		{6C673417-5405-4401-8CDD-639AB62CF399} = {5ACC8508-71A6-4F19-841D-7E9FB63A5AFD}
		{4B86085D-FA06-41E2-B2B4-AB6956C3B57B} = {5ACC8508-71A6-4F19-841D-7E9FB63A5AFD}
		{DE705644-CF27-4FAB-8879-9504C6EA7EF7} = {5ACC8508-71A6-4F19-841D-7E9FB63A5AFD}
		{6C3BA420-E269-463A-BD8F-0ADB09A8C4FD} = {1A6C59C1-E507-3208-2B9E-E797C458FD07}
		{42D41221-ACA7-4B60-86C8-539D6420B1D3} = {1A6C59C1-E507-3208-2B9E-E797C458FD07}
		{A23B94DF-D380-466E-B31F-748FA9C59A62} = {1A6C59C1-E507-3208-2B9E-E797C458FD07}
		{54D52DA8-0024-4EA1-8497-C9ED2E205692} = {1A6C59C1-E507-3208-2B9E-E797C458FD07}
		{80B69337-69E4-41BD-9EBB-B69CA0B5F87A} = {1A6C59C1-E507-3208-2B9E-E797C458FD07}
		{B0978259-1F3E-4E8D-81DF-2FCC54468BA8} = {1A6C59C1-E507-3208-2B9E-E797C458FD07}
		{150BBD93-9389-40C9-AE73-BB35B74E2C7F} = {33D9663B-8032-4052-BEB2-CBEC43648AF9}
		{BAD65C9A-3A73-4522-A3EA-EAD5939A1726} = {33D9663B-8032-4052-BEB2-CBEC43648AF9}
	EndGlobalSection
EndGlobal
